
Microsoft Visual Studio Solution File, Format Version 12.00
# Visual Studio Version 16
VisualStudioVersion = 16.0.30711.63
MinimumVisualStudioVersion = 10.0.40219.1
Project("{FAE04EC0-301F-11D3-BF4B-00C04F79EFBC}") = "binarySearch", "binarySearch\binarySearch.csproj", "{1FB1B024-E456-4F9D-A7C5-26B7576D4F07}"
EndProject
Global
	GlobalSection(SolutionConfigurationPlatforms) = preSolution
		Debug|Any CPU = Debug|Any CPU
		Release|Any CPU = Release|Any CPU
	EndGlobalSection
	GlobalSection(ProjectConfigurationPlatforms) = postSolution
		{1FB1B024-E456-4F9D-A7C5-26B7576D4F07}.Debug|Any CPU.ActiveCfg = Debug|Any CPU
		{1FB1B024-E456-4F9D-A7C5-26B7576D4F07}.Debug|Any CPU.Build.0 = Debug|Any CPU
		{1FB1B024-E456-4F9D-A7C5-26B7576D4F07}.Release|Any CPU.ActiveCfg = Release|Any CPU
		{1FB1B024-E456-4F9D-A7C5-26B7576D4F07}.Release|Any CPU.Build.0 = Release|Any CPU
	EndGlobalSection
	GlobalSection(SolutionProperties) = preSolution
		HideSolutionNode = FALSE
	EndGlobalSection
	GlobalSection(ExtensibilityGlobals) = postSolution
		SolutionGuid = {EE36F92F-F340-4BB4-A93F-3DF445E6306D}
	EndGlobalSection
EndGlobal
