
Microsoft Visual Studio Solution File, Format Version 12.00
# Visual Studio Version 16
VisualStudioVersion = 16.0.29306.81
MinimumVisualStudioVersion = 10.0.40219.1
Project("{FAE04EC0-301F-11D3-BF4B-00C04F79EFBC}") = "Circular_Queue", "Circular_Queue\Circular_Queue.csproj", "{5825DE6C-F2AE-4C1C-915B-3F18E29668F1}"
EndProject
Global
	GlobalSection(SolutionConfigurationPlatforms) = preSolution
		Debug|Any CPU = Debug|Any CPU
		Release|Any CPU = Release|Any CPU
	EndGlobalSection
	GlobalSection(ProjectConfigurationPlatforms) = postSolution
		{5825DE6C-F2AE-4C1C-915B-3F18E29668F1}.Debug|Any CPU.ActiveCfg = Debug|Any CPU
		{5825DE6C-F2AE-4C1C-915B-3F18E29668F1}.Debug|Any CPU.Build.0 = Debug|Any CPU
		{5825DE6C-F2AE-4C1C-915B-3F18E29668F1}.Release|Any CPU.ActiveCfg = Release|Any CPU
		{5825DE6C-F2AE-4C1C-915B-3F18E29668F1}.Release|Any CPU.Build.0 = Release|Any CPU
	EndGlobalSection
	GlobalSection(SolutionProperties) = preSolution
		HideSolutionNode = FALSE
	EndGlobalSection
	GlobalSection(ExtensibilityGlobals) = postSolution
		SolutionGuid = {4DEE8FE5-391F-40DF-8877-52C8C6F204A6}
	EndGlobalSection
EndGlobal
