
Microsoft Visual Studio Solution File, Format Version 12.00
# Visual Studio Version 16
VisualStudioVersion = 16.0.29306.81
MinimumVisualStudioVersion = 10.0.40219.1
Project("{FAE04EC0-301F-11D3-BF4B-00C04F79EFBC}") = "2-way Linear Search", "2-way Linear Search\2-way Linear Search.csproj", "{05C0D7A9-9BDC-4224-985A-41D178DC811E}"
EndProject
Global
	GlobalSection(SolutionConfigurationPlatforms) = preSolution
		Debug|Any CPU = Debug|Any CPU
		Release|Any CPU = Release|Any CPU
	EndGlobalSection
	GlobalSection(ProjectConfigurationPlatforms) = postSolution
		{05C0D7A9-9BDC-4224-985A-41D178DC811E}.Debug|Any CPU.ActiveCfg = Debug|Any CPU
		{05C0D7A9-9BDC-4224-985A-41D178DC811E}.Debug|Any CPU.Build.0 = Debug|Any CPU
		{05C0D7A9-9BDC-4224-985A-41D178DC811E}.Release|Any CPU.ActiveCfg = Release|Any CPU
		{05C0D7A9-9BDC-4224-985A-41D178DC811E}.Release|Any CPU.Build.0 = Release|Any CPU
	EndGlobalSection
	GlobalSection(SolutionProperties) = preSolution
		HideSolutionNode = FALSE
	EndGlobalSection
	GlobalSection(ExtensibilityGlobals) = postSolution
		SolutionGuid = {82E6D822-15EA-4698-A62F-DF1528D67253}
	EndGlobalSection
EndGlobal
